# This file is generated by running "yarn install" inside your project.
# Manual changes might be lost - proceed with caution!

__metadata:
  version: 8
  cacheKey: 10

"adler-32@npm:~1.3.0":
  version: 1.3.1
  resolution: "adler-32@npm:1.3.1"
  checksum: 10/e11d70c113a49e6f04c249d8201813d46fcbc331e6c4593c926b9700e26a09898b3c0dea8595fd83dcb804bde359012f129d2322f7cc8177737aa14979490cc9
  languageName: node
  linkType: hard

"aibit-lang@workspace:.":
  version: 0.0.0-use.local
  resolution: "aibit-lang@workspace:."
  dependencies:
    commander: "npm:^13.0.0"
    lodash.merge: "npm:^4.6.2"
    xlsx: "npm:^0.18.5"
  bin:
    aibit-lang: ./bin/cli.js
  languageName: unknown
  linkType: soft

"cfb@npm:~1.2.1":
  version: 1.2.2
  resolution: "cfb@npm:1.2.2"
  dependencies:
    adler-32: "npm:~1.3.0"
    crc-32: "npm:~1.2.0"
  checksum: 10/e418fef195bb03bd30af18dbbccc1c21670194258cc1ac6e955becbded51fa5465ce195971252d941044b5978995483e881c9b0e40a90171debecb7ebb0b24be
  languageName: node
  linkType: hard

"codepage@npm:~1.15.0":
  version: 1.15.0
  resolution: "codepage@npm:1.15.0"
  checksum: 10/e4c07ac36eb528370c7acdf9e2bca44160444576d5d852dd5640531a6a427aa9ef2eb56b3c841a1638e807faa4975e2eeebfe57a5c48f123392250edc98a9398
  languageName: node
  linkType: hard

"commander@npm:^13.0.0":
  version: 13.0.0
  resolution: "commander@npm:13.0.0"
  checksum: 10/e89d5bf61e84e65e0cfdfcfb740049cf6bcaba63fc32a610375957a2a57373d42f7b00fc64bec5bdde0e547593fa184f869dfabe8a415bc4fd4482edf2fb5ca8
  languageName: node
  linkType: hard

"crc-32@npm:~1.2.0, crc-32@npm:~1.2.1":
  version: 1.2.2
  resolution: "crc-32@npm:1.2.2"
  bin:
    crc32: bin/crc32.njs
  checksum: 10/824f696a5baaf617809aa9cd033313c8f94f12d15ebffa69f10202480396be44aef9831d900ab291638a8022ed91c360696dd5b1ba691eb3f34e60be8835b7c3
  languageName: node
  linkType: hard

"frac@npm:~1.1.2":
  version: 1.1.2
  resolution: "frac@npm:1.1.2"
  checksum: 10/fbfbb28003bb84506dd35e7aad8543c5a358bdc95451d0065b6127d40d2c45106f14221575c3e9ce3ea4bf0bbf1225b73c5d655965c9f4ce44332cbe1b34667d
  languageName: node
  linkType: hard

"lodash.merge@npm:^4.6.2":
  version: 4.6.2
  resolution: "lodash.merge@npm:4.6.2"
  checksum: 10/d0ea2dd0097e6201be083865d50c3fb54fbfbdb247d9cc5950e086c991f448b7ab0cdab0d57eacccb43473d3f2acd21e134db39f22dac2d6c9ba6bf26978e3d6
  languageName: node
  linkType: hard

"ssf@npm:~0.11.2":
  version: 0.11.2
  resolution: "ssf@npm:0.11.2"
  dependencies:
    frac: "npm:~1.1.2"
  checksum: 10/37f4b0f076e69a58554dbbe5d24fab412b7afc05ef48cdcb05b61db7e55b8a7002288047d95050571add4a50db30a772a26f04de23987300659154b199df8aef
  languageName: node
  linkType: hard

"wmf@npm:~1.0.1":
  version: 1.0.2
  resolution: "wmf@npm:1.0.2"
  checksum: 10/b82d3d95403d6f072ad734ade57779f10be9139ba7054b3b97707759c5b01bd5b677134fde4c5f08ffa26bc0d89153273c42359bb9a3d0f18d9a079a113f7990
  languageName: node
  linkType: hard

"word@npm:~0.3.0":
  version: 0.3.0
  resolution: "word@npm:0.3.0"
  checksum: 10/e28a233aca36f9897f08d6db1a881bbe4ceae9e2da6753e09f5fdaae4e8d04149f5c4d9c74dc277eeef0dc043e459b11d122e294b9ea0f2bd3f8310f0b117964
  languageName: node
  linkType: hard

"xlsx@npm:^0.18.5":
  version: 0.18.5
  resolution: "xlsx@npm:0.18.5"
  dependencies:
    adler-32: "npm:~1.3.0"
    cfb: "npm:~1.2.1"
    codepage: "npm:~1.15.0"
    crc-32: "npm:~1.2.1"
    ssf: "npm:~0.11.2"
    wmf: "npm:~1.0.1"
    word: "npm:~0.3.0"
  bin:
    xlsx: bin/xlsx.njs
  checksum: 10/402df8d1e2678d57ad942332d78049c629695145478c7519800f1d6017c1ddd001417586d9c9cca7d55a43af68e47b77f6eca0399a77093b6ea1f131352f92cb
  languageName: node
  linkType: hard
